PODS:
  - CocoaLumberjack/Core (3.7.4)
  - CocoaLumberjack/Swift (3.7.4):
    - CocoaLumberjack/Core
  - SwiftFormat/CLI (0.49.13)
  - SwiftLint (0.48.0)

DEPENDENCIES:
  - CocoaLumberjack/Swift
  - SwiftFormat/CLI
  - SwiftLint

SPEC REPOS:
  trunk:
    - CocoaLumberjack
    - SwiftFormat
    - SwiftLint

SPEC CHECKSUMS:
  CocoaLumberjack: 543c79c114dadc3b1aba95641d8738b06b05b646
  SwiftFormat: 53864d9acbae3a954eb413736729500fe7051435
  SwiftLint: 284cea64b6187c5d6bd83e9a548a64104d546447

PODFILE CHECKSUM: 82cc7c52f5a728a08ed56dc2ab6273c6c216d72e

COCOAPODS: 1.11.3
